
Microsoft Visual Studio Solution File, Format Version 12.00
# Visual Studio Version 17
VisualStudioVersion = 17.2.32505.173
MinimumVisualStudioVersion = 10.0.40219.1
Project("{9A19103F-16F7-4668-BE54-9A1E7A4F7556}") = "AuditService.WebApi", "src\AuditService.WebApi\AuditService.WebApi.csproj", "{297EA223-F1CE-45C1-B580-F09E2DBF30E1}"
EndProject
Project("{2150E333-8FDC-42A3-9474-1A3956D46DE8}") = "Applications", "Applications", "{9D65AA5D-55CC-49C9-A83A-911FF1EF2617}"
EndProject
Project("{2150E333-8FDC-42A3-9474-1A3956D46DE8}") = "ELK", "ELK", "{F46D6D7F-D199-4BE5-A582-FB8EB6AEB57B}"
	ProjectSection(SolutionItems) = preProject
		ELK\docker-compose.yml = ELK\docker-compose.yml
		ELK\README.txt = ELK\README.txt
	EndProjectSection
EndProject
Project("{9A19103F-16F7-4668-BE54-9A1E7A4F7556}") = "AuditService.Common", "AuditService.Common\AuditService.Common.csproj", "{36F7AAEF-22E8-42DD-B440-04F5D01D0C93}"
EndProject
Project("{9A19103F-16F7-4668-BE54-9A1E7A4F7556}") = "AuditService.EventConsumer", "AuditService.EventConsumer\AuditService.EventConsumer.csproj", "{BAA9EB03-6814-4375-92EB-5DDA1F664067}"
EndProject
Project("{2150E333-8FDC-42A3-9474-1A3956D46DE8}") = "Main", "Main", "{AA42E5B6-DFC3-4D57-AF82-E697D3B76092}"
EndProject
Project("{9A19103F-16F7-4668-BE54-9A1E7A4F7556}") = "AuditService.EventConsumerApp", "AuditService.EventConsumerApp\AuditService.EventConsumerApp.csproj", "{86FDCAFD-812F-4203-9FAF-FD6D9E728F9F}"
EndProject
Project("{9A19103F-16F7-4668-BE54-9A1E7A4F7556}") = "AuditService.Data.Domain", "AuditService.Data.Domain\AuditService.Data.Domain.csproj", "{FB4A36B7-1B2D-47F2-BAD4-8044F8E702B7}"
EndProject
Project("{2150E333-8FDC-42A3-9474-1A3956D46DE8}") = "Tests", "Tests", "{C90E8FE0-BB47-47AC-B267-30B7E29BA566}"
EndProject
Project("{9A19103F-16F7-4668-BE54-9A1E7A4F7556}") = "AuditService.IntegrationTests", "AuditService.IntegrationTests\AuditService.IntegrationTests.csproj", "{47411375-BCB6-456B-A797-167725C73CDD}"
EndProject
Project("{9A19103F-16F7-4668-BE54-9A1E7A4F7556}") = "AuditService.ELK.FillTestData", "ELK\AuditService.ELK.FillTestData\AuditService.ELK.FillTestData.csproj", "{DA7CFAF7-235A-4784-A0FA-4F2F6CA305FE}"
EndProject
Global
	GlobalSection(SolutionConfigurationPlatforms) = preSolution
		Debug|Any CPU = Debug|Any CPU
		Release|Any CPU = Release|Any CPU
	EndGlobalSection
	GlobalSection(ProjectConfigurationPlatforms) = postSolution
		{297EA223-F1CE-45C1-B580-F09E2DBF30E1}.Debug|Any CPU.ActiveCfg = Debug|Any CPU
		{297EA223-F1CE-45C1-B580-F09E2DBF30E1}.Debug|Any CPU.Build.0 = Debug|Any CPU
		{297EA223-F1CE-45C1-B580-F09E2DBF30E1}.Release|Any CPU.ActiveCfg = Release|Any CPU
		{297EA223-F1CE-45C1-B580-F09E2DBF30E1}.Release|Any CPU.Build.0 = Release|Any CPU
		{36F7AAEF-22E8-42DD-B440-04F5D01D0C93}.Debug|Any CPU.ActiveCfg = Debug|Any CPU
		{36F7AAEF-22E8-42DD-B440-04F5D01D0C93}.Debug|Any CPU.Build.0 = Debug|Any CPU
		{36F7AAEF-22E8-42DD-B440-04F5D01D0C93}.Release|Any CPU.ActiveCfg = Release|Any CPU
		{36F7AAEF-22E8-42DD-B440-04F5D01D0C93}.Release|Any CPU.Build.0 = Release|Any CPU
		{BAA9EB03-6814-4375-92EB-5DDA1F664067}.Debug|Any CPU.ActiveCfg = Debug|Any CPU
		{BAA9EB03-6814-4375-92EB-5DDA1F664067}.Debug|Any CPU.Build.0 = Debug|Any CPU
		{BAA9EB03-6814-4375-92EB-5DDA1F664067}.Release|Any CPU.ActiveCfg = Release|Any CPU
		{BAA9EB03-6814-4375-92EB-5DDA1F664067}.Release|Any CPU.Build.0 = Release|Any CPU
		{86FDCAFD-812F-4203-9FAF-FD6D9E728F9F}.Debug|Any CPU.ActiveCfg = Debug|Any CPU
		{86FDCAFD-812F-4203-9FAF-FD6D9E728F9F}.Debug|Any CPU.Build.0 = Debug|Any CPU
		{86FDCAFD-812F-4203-9FAF-FD6D9E728F9F}.Release|Any CPU.ActiveCfg = Release|Any CPU
		{86FDCAFD-812F-4203-9FAF-FD6D9E728F9F}.Release|Any CPU.Build.0 = Release|Any CPU
		{FB4A36B7-1B2D-47F2-BAD4-8044F8E702B7}.Debug|Any CPU.ActiveCfg = Debug|Any CPU
		{FB4A36B7-1B2D-47F2-BAD4-8044F8E702B7}.Debug|Any CPU.Build.0 = Debug|Any CPU
		{FB4A36B7-1B2D-47F2-BAD4-8044F8E702B7}.Release|Any CPU.ActiveCfg = Release|Any CPU
		{FB4A36B7-1B2D-47F2-BAD4-8044F8E702B7}.Release|Any CPU.Build.0 = Release|Any CPU
		{47411375-BCB6-456B-A797-167725C73CDD}.Debug|Any CPU.ActiveCfg = Debug|Any CPU
		{47411375-BCB6-456B-A797-167725C73CDD}.Debug|Any CPU.Build.0 = Debug|Any CPU
		{47411375-BCB6-456B-A797-167725C73CDD}.Release|Any CPU.ActiveCfg = Release|Any CPU
		{47411375-BCB6-456B-A797-167725C73CDD}.Release|Any CPU.Build.0 = Release|Any CPU
		{DA7CFAF7-235A-4784-A0FA-4F2F6CA305FE}.Debug|Any CPU.ActiveCfg = Debug|Any CPU
		{DA7CFAF7-235A-4784-A0FA-4F2F6CA305FE}.Debug|Any CPU.Build.0 = Debug|Any CPU
		{DA7CFAF7-235A-4784-A0FA-4F2F6CA305FE}.Release|Any CPU.ActiveCfg = Release|Any CPU
		{DA7CFAF7-235A-4784-A0FA-4F2F6CA305FE}.Release|Any CPU.Build.0 = Release|Any CPU
	EndGlobalSection
	GlobalSection(SolutionProperties) = preSolution
		HideSolutionNode = FALSE
	EndGlobalSection
	GlobalSection(NestedProjects) = preSolution
		{297EA223-F1CE-45C1-B580-F09E2DBF30E1} = {9D65AA5D-55CC-49C9-A83A-911FF1EF2617}
		{36F7AAEF-22E8-42DD-B440-04F5D01D0C93} = {AA42E5B6-DFC3-4D57-AF82-E697D3B76092}
		{BAA9EB03-6814-4375-92EB-5DDA1F664067} = {9D65AA5D-55CC-49C9-A83A-911FF1EF2617}
		{86FDCAFD-812F-4203-9FAF-FD6D9E728F9F} = {AA42E5B6-DFC3-4D57-AF82-E697D3B76092}
		{FB4A36B7-1B2D-47F2-BAD4-8044F8E702B7} = {AA42E5B6-DFC3-4D57-AF82-E697D3B76092}
		{47411375-BCB6-456B-A797-167725C73CDD} = {C90E8FE0-BB47-47AC-B267-30B7E29BA566}
		{DA7CFAF7-235A-4784-A0FA-4F2F6CA305FE} = {F46D6D7F-D199-4BE5-A582-FB8EB6AEB57B}
	EndGlobalSection
	GlobalSection(ExtensibilityGlobals) = postSolution
		SolutionGuid = {73685254-724E-430F-81DA-68858654B836}
	EndGlobalSection
EndGlobal
