Microsoft Visual Studio Solution File, Format Version 12.00
# Visual Studio Version 17
VisualStudioVersion = 17.2.32505.173
MinimumVisualStudioVersion = 10.0.40219.1
Project("{9A19103F-16F7-4668-BE54-9A1E7A4F7556}") = "AuditService.WebApi", "src\AuditService.WebApi\AuditService.WebApi.csproj", "{297EA223-F1CE-45C1-B580-F09E2DBF30E1}"
EndProject
Project("{2150E333-8FDC-42A3-9474-1A3956D46DE8}") = "Applications", "Applications", "{9D65AA5D-55CC-49C9-A83A-911FF1EF2617}"
EndProject
Project("{2150E333-8FDC-42A3-9474-1A3956D46DE8}") = "ELK", "ELK", "{F46D6D7F-D199-4BE5-A582-FB8EB6AEB57B}"
	ProjectSection(SolutionItems) = preProject
		ELK\docker-compose.yml = ELK\docker-compose.yml
		ELK\README.txt = ELK\README.txt
	EndProjectSection
EndProject
Project("{2150E333-8FDC-42A3-9474-1A3956D46DE8}") = "Main", "Main", "{AA42E5B6-DFC3-4D57-AF82-E697D3B76092}"
EndProject
Project("{2150E333-8FDC-42A3-9474-1A3956D46DE8}") = "Tests", "Tests", "{C90E8FE0-BB47-47AC-B267-30B7E29BA566}"
EndProject
Project("{9A19103F-16F7-4668-BE54-9A1E7A4F7556}") = "AuditService.EventConsumer", "src\AuditService.EventConsumer\AuditService.EventConsumer.csproj", "{C8AD123A-3C1D-451A-9AF4-25A6FC057F45}"
EndProject
Project("{9A19103F-16F7-4668-BE54-9A1E7A4F7556}") = "AuditService.Common", "src\AuditService.Common\AuditService.Common.csproj", "{49BA1518-B743-423F-9A2A-4CED410BAEF7}"
EndProject
Project("{9A19103F-16F7-4668-BE54-9A1E7A4F7556}") = "AuditService.Data.Domain", "src\AuditService.Data.Domain\AuditService.Data.Domain.csproj", "{6C84E1FC-136C-4A7B-B511-5D9671EEF607}"
EndProject
Project("{9A19103F-16F7-4668-BE54-9A1E7A4F7556}") = "AuditService.EventConsumerApp", "src\AuditService.EventConsumerApp\AuditService.EventConsumerApp.csproj", "{E4F74382-DDEB-4E0B-AAD9-F8333F91E271}"
EndProject
Project("{9A19103F-16F7-4668-BE54-9A1E7A4F7556}") = "AuditService.IntegrationTests", "src\AuditService.IntegrationTests\AuditService.IntegrationTests.csproj", "{A4FA583A-510A-4F15-8698-A94749A7CEA0}"
EndProject
Project("{9A19103F-16F7-4668-BE54-9A1E7A4F7556}") = "AuditService.ELK.FillTestData", "ELK\AuditService.ELK.FillTestData\AuditService.ELK.FillTestData.csproj", "{DA7CFAF7-235A-4784-A0FA-4F2F6CA305FE}"
EndProject
Project("{9A19103F-16F7-4668-BE54-9A1E7A4F7556}") = "AuditService.WebApiApp", "AuditService.WebApiApp\AuditService.WebApiApp.csproj", "{6AB5F913-8C80-417F-94C1-CB166240BDE8}"
EndProject
Project("{9A19103F-16F7-4668-BE54-9A1E7A4F7556}") = "AuditService.Test.EventProducer", "AuditService.Test.EventProducer\AuditService.Test.EventProducer.csproj", "{BF310CD8-9822-4D98-9C0F-2F0C467C1239}"
EndProject
Project("{FAE04EC0-301F-11D3-BF4B-00C04F79EFBC}") = "AuditService.EventProducer", "AuditService.EventProducer\AuditService.EventProducer.csproj", "{5DC1EB43-1A6F-43CB-B837-A5D3AE0C0D9A}"
EndProject
Project("{9A19103F-16F7-4668-BE54-9A1E7A4F7556}") = "AuditService.Tests", "AuditService.Tests\AuditService.Tests.csproj", "{7D36973C-78B8-4B3C-9209-8B0C9C91C075}"
EndProject
Global
	GlobalSection(SolutionConfigurationPlatforms) = preSolution
		Debug|Any CPU = Debug|Any CPU
		Release|Any CPU = Release|Any CPU
	EndGlobalSection
	GlobalSection(ProjectConfigurationPlatforms) = postSolution
		{297EA223-F1CE-45C1-B580-F09E2DBF30E1}.Debug|Any CPU.ActiveCfg = Debug|Any CPU
		{297EA223-F1CE-45C1-B580-F09E2DBF30E1}.Debug|Any CPU.Build.0 = Debug|Any CPU
		{297EA223-F1CE-45C1-B580-F09E2DBF30E1}.Release|Any CPU.ActiveCfg = Release|Any CPU
		{297EA223-F1CE-45C1-B580-F09E2DBF30E1}.Release|Any CPU.Build.0 = Release|Any CPU
		{C8AD123A-3C1D-451A-9AF4-25A6FC057F45}.Debug|Any CPU.ActiveCfg = Debug|Any CPU
		{C8AD123A-3C1D-451A-9AF4-25A6FC057F45}.Debug|Any CPU.Build.0 = Debug|Any CPU
		{C8AD123A-3C1D-451A-9AF4-25A6FC057F45}.Release|Any CPU.ActiveCfg = Release|Any CPU
		{C8AD123A-3C1D-451A-9AF4-25A6FC057F45}.Release|Any CPU.Build.0 = Release|Any CPU
		{49BA1518-B743-423F-9A2A-4CED410BAEF7}.Debug|Any CPU.ActiveCfg = Debug|Any CPU
		{49BA1518-B743-423F-9A2A-4CED410BAEF7}.Debug|Any CPU.Build.0 = Debug|Any CPU
		{49BA1518-B743-423F-9A2A-4CED410BAEF7}.Release|Any CPU.ActiveCfg = Release|Any CPU
		{49BA1518-B743-423F-9A2A-4CED410BAEF7}.Release|Any CPU.Build.0 = Release|Any CPU
		{6C84E1FC-136C-4A7B-B511-5D9671EEF607}.Debug|Any CPU.ActiveCfg = Debug|Any CPU
		{6C84E1FC-136C-4A7B-B511-5D9671EEF607}.Debug|Any CPU.Build.0 = Debug|Any CPU
		{6C84E1FC-136C-4A7B-B511-5D9671EEF607}.Release|Any CPU.ActiveCfg = Release|Any CPU
		{6C84E1FC-136C-4A7B-B511-5D9671EEF607}.Release|Any CPU.Build.0 = Release|Any CPU
		{E4F74382-DDEB-4E0B-AAD9-F8333F91E271}.Debug|Any CPU.ActiveCfg = Debug|Any CPU
		{E4F74382-DDEB-4E0B-AAD9-F8333F91E271}.Debug|Any CPU.Build.0 = Debug|Any CPU
		{E4F74382-DDEB-4E0B-AAD9-F8333F91E271}.Release|Any CPU.ActiveCfg = Release|Any CPU
		{E4F74382-DDEB-4E0B-AAD9-F8333F91E271}.Release|Any CPU.Build.0 = Release|Any CPU
		{A4FA583A-510A-4F15-8698-A94749A7CEA0}.Debug|Any CPU.ActiveCfg = Debug|Any CPU
		{A4FA583A-510A-4F15-8698-A94749A7CEA0}.Debug|Any CPU.Build.0 = Debug|Any CPU
		{A4FA583A-510A-4F15-8698-A94749A7CEA0}.Release|Any CPU.ActiveCfg = Release|Any CPU
		{A4FA583A-510A-4F15-8698-A94749A7CEA0}.Release|Any CPU.Build.0 = Release|Any CPU
		{DA7CFAF7-235A-4784-A0FA-4F2F6CA305FE}.Debug|Any CPU.ActiveCfg = Debug|Any CPU
		{DA7CFAF7-235A-4784-A0FA-4F2F6CA305FE}.Debug|Any CPU.Build.0 = Debug|Any CPU
		{DA7CFAF7-235A-4784-A0FA-4F2F6CA305FE}.Release|Any CPU.ActiveCfg = Release|Any CPU
		{DA7CFAF7-235A-4784-A0FA-4F2F6CA305FE}.Release|Any CPU.Build.0 = Release|Any CPU
		{6AB5F913-8C80-417F-94C1-CB166240BDE8}.Debug|Any CPU.ActiveCfg = Debug|Any CPU
		{6AB5F913-8C80-417F-94C1-CB166240BDE8}.Debug|Any CPU.Build.0 = Debug|Any CPU
		{6AB5F913-8C80-417F-94C1-CB166240BDE8}.Release|Any CPU.ActiveCfg = Release|Any CPU
		{6AB5F913-8C80-417F-94C1-CB166240BDE8}.Release|Any CPU.Build.0 = Release|Any CPU
		{BF310CD8-9822-4D98-9C0F-2F0C467C1239}.Debug|Any CPU.ActiveCfg = Debug|Any CPU
		{BF310CD8-9822-4D98-9C0F-2F0C467C1239}.Debug|Any CPU.Build.0 = Debug|Any CPU
		{BF310CD8-9822-4D98-9C0F-2F0C467C1239}.Release|Any CPU.ActiveCfg = Release|Any CPU
		{BF310CD8-9822-4D98-9C0F-2F0C467C1239}.Release|Any CPU.Build.0 = Release|Any CPU
		{5DC1EB43-1A6F-43CB-B837-A5D3AE0C0D9A}.Debug|Any CPU.ActiveCfg = Debug|Any CPU
		{5DC1EB43-1A6F-43CB-B837-A5D3AE0C0D9A}.Debug|Any CPU.Build.0 = Debug|Any CPU
		{5DC1EB43-1A6F-43CB-B837-A5D3AE0C0D9A}.Release|Any CPU.ActiveCfg = Release|Any CPU
		{5DC1EB43-1A6F-43CB-B837-A5D3AE0C0D9A}.Release|Any CPU.Build.0 = Release|Any CPU
		{7D36973C-78B8-4B3C-9209-8B0C9C91C075}.Debug|Any CPU.ActiveCfg = Debug|Any CPU
		{7D36973C-78B8-4B3C-9209-8B0C9C91C075}.Debug|Any CPU.Build.0 = Debug|Any CPU
		{7D36973C-78B8-4B3C-9209-8B0C9C91C075}.Release|Any CPU.ActiveCfg = Release|Any CPU
		{7D36973C-78B8-4B3C-9209-8B0C9C91C075}.Release|Any CPU.Build.0 = Release|Any CPU
	EndGlobalSection
	GlobalSection(SolutionProperties) = preSolution
		HideSolutionNode = FALSE
	EndGlobalSection
	GlobalSection(NestedProjects) = preSolution
		{297EA223-F1CE-45C1-B580-F09E2DBF30E1} = {9D65AA5D-55CC-49C9-A83A-911FF1EF2617}
		{C8AD123A-3C1D-451A-9AF4-25A6FC057F45} = {9D65AA5D-55CC-49C9-A83A-911FF1EF2617}
		{49BA1518-B743-423F-9A2A-4CED410BAEF7} = {AA42E5B6-DFC3-4D57-AF82-E697D3B76092}
		{6C84E1FC-136C-4A7B-B511-5D9671EEF607} = {AA42E5B6-DFC3-4D57-AF82-E697D3B76092}
		{E4F74382-DDEB-4E0B-AAD9-F8333F91E271} = {AA42E5B6-DFC3-4D57-AF82-E697D3B76092}
		{A4FA583A-510A-4F15-8698-A94749A7CEA0} = {C90E8FE0-BB47-47AC-B267-30B7E29BA566}
		{DA7CFAF7-235A-4784-A0FA-4F2F6CA305FE} = {F46D6D7F-D199-4BE5-A582-FB8EB6AEB57B}
		{6AB5F913-8C80-417F-94C1-CB166240BDE8} = {AA42E5B6-DFC3-4D57-AF82-E697D3B76092}
		{BF310CD8-9822-4D98-9C0F-2F0C467C1239} = {C90E8FE0-BB47-47AC-B267-30B7E29BA566}
		{5DC1EB43-1A6F-43CB-B837-A5D3AE0C0D9A} = {C90E8FE0-BB47-47AC-B267-30B7E29BA566}
	EndGlobalSection
	GlobalSection(ExtensibilityGlobals) = postSolution
		SolutionGuid = {73685254-724E-430F-81DA-68858654B836}
	EndGlobalSection
EndGlobal
