Microsoft Visual Studio Solution File, Format Version 12.00
# Visual Studio Version 17
VisualStudioVersion = 17.2.32505.173
MinimumVisualStudioVersion = 10.0.40219.1
Project("{2150E333-8FDC-42A3-9474-1A3956D46DE8}") = "Applications", "Applications", "{9D65AA5D-55CC-49C9-A83A-911FF1EF2617}"
EndProject
Project("{2150E333-8FDC-42A3-9474-1A3956D46DE8}") = "Data", "Data", "{AA42E5B6-DFC3-4D57-AF82-E697D3B76092}"
EndProject
Project("{2150E333-8FDC-42A3-9474-1A3956D46DE8}") = "Tests", "Tests", "{C90E8FE0-BB47-47AC-B267-30B7E29BA566}"
EndProject
Project("{9A19103F-16F7-4668-BE54-9A1E7A4F7556}") = "AuditService.EventConsumer", "src\AuditService.EventConsumer\AuditService.EventConsumer.csproj", "{C8AD123A-3C1D-451A-9AF4-25A6FC057F45}"
EndProject
Project("{9A19103F-16F7-4668-BE54-9A1E7A4F7556}") = "AuditService.ELK.FillTestData", "src\AuditService.ELK.FillTestData\AuditService.ELK.FillTestData.csproj", "{67B4E692-5307-48EC-A13E-B0BF95215026}"
EndProject
Project("{9A19103F-16F7-4668-BE54-9A1E7A4F7556}") = "AuditService.Tests", "tests\AuditService.Tests\AuditService.Tests.csproj", "{3B7AEB87-99D8-4CF0-AA81-257E3D383D5D}"
EndProject
Project("{9A19103F-16F7-4668-BE54-9A1E7A4F7556}") = "AuditService.WebApi", "src\AuditService.WebApi\AuditService.WebApi.csproj", "{93A1F8C8-523D-4E27-82C5-05AEA86DDB39}"
EndProject
Project("{9A19103F-16F7-4668-BE54-9A1E7A4F7556}") = "AuditService.Utility", "src\AuditService.Utility\AuditService.Utility.csproj", "{CC5FF178-6CE0-40F8-9CF2-CC812EBD758E}"
EndProject
Project("{9A19103F-16F7-4668-BE54-9A1E7A4F7556}") = "AuditService.Kafka", "src\AuditService.Kafka\AuditService.Kafka.csproj", "{40168B08-9154-4C3D-93A8-E1A69C0FE970}"
EndProject
Project("{9A19103F-16F7-4668-BE54-9A1E7A4F7556}") = "AuditService.Common", "src\AuditService.Common\AuditService.Common.csproj", "{D90B053D-01E3-4F41-88DB-9A5B872C745B}"
EndProject
Project("{9A19103F-16F7-4668-BE54-9A1E7A4F7556}") = "AuditService.Setup", "src\AuditService.Setup\AuditService.Setup.csproj", "{F21C4A1F-EFA6-4E90-AD10-0E4783DFE07E}"
EndProject
Project("{2150E333-8FDC-42A3-9474-1A3956D46DE8}") = "Tools", "Tools", "{B9493308-0764-46C1-B570-9170734E0343}"
EndProject
Project("{9A19103F-16F7-4668-BE54-9A1E7A4F7556}") = "AuditService.Handlers", "src\AuditService.Handlers\AuditService.Handlers.csproj", "{CA924833-0F96-433B-AB03-DB717E48EA32}"
EndProject
Global
	GlobalSection(SolutionConfigurationPlatforms) = preSolution
		Debug|Any CPU = Debug|Any CPU
		Release|Any CPU = Release|Any CPU
	EndGlobalSection
	GlobalSection(ProjectConfigurationPlatforms) = postSolution
		{C8AD123A-3C1D-451A-9AF4-25A6FC057F45}.Debug|Any CPU.ActiveCfg = Debug|Any CPU
		{C8AD123A-3C1D-451A-9AF4-25A6FC057F45}.Debug|Any CPU.Build.0 = Debug|Any CPU
		{C8AD123A-3C1D-451A-9AF4-25A6FC057F45}.Release|Any CPU.ActiveCfg = Release|Any CPU
		{C8AD123A-3C1D-451A-9AF4-25A6FC057F45}.Release|Any CPU.Build.0 = Release|Any CPU
		{67B4E692-5307-48EC-A13E-B0BF95215026}.Debug|Any CPU.ActiveCfg = Debug|Any CPU
		{67B4E692-5307-48EC-A13E-B0BF95215026}.Debug|Any CPU.Build.0 = Debug|Any CPU
		{67B4E692-5307-48EC-A13E-B0BF95215026}.Release|Any CPU.ActiveCfg = Release|Any CPU
		{67B4E692-5307-48EC-A13E-B0BF95215026}.Release|Any CPU.Build.0 = Release|Any CPU
		{3B7AEB87-99D8-4CF0-AA81-257E3D383D5D}.Debug|Any CPU.ActiveCfg = Debug|Any CPU
		{3B7AEB87-99D8-4CF0-AA81-257E3D383D5D}.Debug|Any CPU.Build.0 = Debug|Any CPU
		{3B7AEB87-99D8-4CF0-AA81-257E3D383D5D}.Release|Any CPU.ActiveCfg = Release|Any CPU
		{3B7AEB87-99D8-4CF0-AA81-257E3D383D5D}.Release|Any CPU.Build.0 = Release|Any CPU
		{93A1F8C8-523D-4E27-82C5-05AEA86DDB39}.Debug|Any CPU.ActiveCfg = Debug|Any CPU
		{93A1F8C8-523D-4E27-82C5-05AEA86DDB39}.Debug|Any CPU.Build.0 = Debug|Any CPU
		{93A1F8C8-523D-4E27-82C5-05AEA86DDB39}.Release|Any CPU.ActiveCfg = Release|Any CPU
		{93A1F8C8-523D-4E27-82C5-05AEA86DDB39}.Release|Any CPU.Build.0 = Release|Any CPU
		{CC5FF178-6CE0-40F8-9CF2-CC812EBD758E}.Debug|Any CPU.ActiveCfg = Debug|Any CPU
		{CC5FF178-6CE0-40F8-9CF2-CC812EBD758E}.Debug|Any CPU.Build.0 = Debug|Any CPU
		{CC5FF178-6CE0-40F8-9CF2-CC812EBD758E}.Release|Any CPU.ActiveCfg = Release|Any CPU
		{CC5FF178-6CE0-40F8-9CF2-CC812EBD758E}.Release|Any CPU.Build.0 = Release|Any CPU
		{40168B08-9154-4C3D-93A8-E1A69C0FE970}.Debug|Any CPU.ActiveCfg = Debug|Any CPU
		{40168B08-9154-4C3D-93A8-E1A69C0FE970}.Debug|Any CPU.Build.0 = Debug|Any CPU
		{40168B08-9154-4C3D-93A8-E1A69C0FE970}.Release|Any CPU.ActiveCfg = Release|Any CPU
		{40168B08-9154-4C3D-93A8-E1A69C0FE970}.Release|Any CPU.Build.0 = Release|Any CPU
		{D90B053D-01E3-4F41-88DB-9A5B872C745B}.Debug|Any CPU.ActiveCfg = Debug|Any CPU
		{D90B053D-01E3-4F41-88DB-9A5B872C745B}.Debug|Any CPU.Build.0 = Debug|Any CPU
		{D90B053D-01E3-4F41-88DB-9A5B872C745B}.Release|Any CPU.ActiveCfg = Release|Any CPU
		{D90B053D-01E3-4F41-88DB-9A5B872C745B}.Release|Any CPU.Build.0 = Release|Any CPU
		{F21C4A1F-EFA6-4E90-AD10-0E4783DFE07E}.Debug|Any CPU.ActiveCfg = Debug|Any CPU
		{F21C4A1F-EFA6-4E90-AD10-0E4783DFE07E}.Debug|Any CPU.Build.0 = Debug|Any CPU
		{F21C4A1F-EFA6-4E90-AD10-0E4783DFE07E}.Release|Any CPU.ActiveCfg = Release|Any CPU
		{F21C4A1F-EFA6-4E90-AD10-0E4783DFE07E}.Release|Any CPU.Build.0 = Release|Any CPU
		{CA924833-0F96-433B-AB03-DB717E48EA32}.Debug|Any CPU.ActiveCfg = Debug|Any CPU
		{CA924833-0F96-433B-AB03-DB717E48EA32}.Debug|Any CPU.Build.0 = Debug|Any CPU
		{CA924833-0F96-433B-AB03-DB717E48EA32}.Release|Any CPU.ActiveCfg = Release|Any CPU
		{CA924833-0F96-433B-AB03-DB717E48EA32}.Release|Any CPU.Build.0 = Release|Any CPU
	EndGlobalSection
	GlobalSection(SolutionProperties) = preSolution
		HideSolutionNode = FALSE
	EndGlobalSection
	GlobalSection(NestedProjects) = preSolution
		{C8AD123A-3C1D-451A-9AF4-25A6FC057F45} = {9D65AA5D-55CC-49C9-A83A-911FF1EF2617}
		{67B4E692-5307-48EC-A13E-B0BF95215026} = {B9493308-0764-46C1-B570-9170734E0343}
		{3B7AEB87-99D8-4CF0-AA81-257E3D383D5D} = {C90E8FE0-BB47-47AC-B267-30B7E29BA566}
		{93A1F8C8-523D-4E27-82C5-05AEA86DDB39} = {9D65AA5D-55CC-49C9-A83A-911FF1EF2617}
		{CC5FF178-6CE0-40F8-9CF2-CC812EBD758E} = {AA42E5B6-DFC3-4D57-AF82-E697D3B76092}
		{40168B08-9154-4C3D-93A8-E1A69C0FE970} = {AA42E5B6-DFC3-4D57-AF82-E697D3B76092}
		{D90B053D-01E3-4F41-88DB-9A5B872C745B} = {AA42E5B6-DFC3-4D57-AF82-E697D3B76092}
		{F21C4A1F-EFA6-4E90-AD10-0E4783DFE07E} = {AA42E5B6-DFC3-4D57-AF82-E697D3B76092}
		{CA924833-0F96-433B-AB03-DB717E48EA32} = {AA42E5B6-DFC3-4D57-AF82-E697D3B76092}
	EndGlobalSection
	GlobalSection(ExtensibilityGlobals) = postSolution
		SolutionGuid = {73685254-724E-430F-81DA-68858654B836}
	EndGlobalSection
EndGlobal
